
Microsoft Visual Studio Solution File, Format Version 12.00
# Visual Studio Version 17
VisualStudioVersion = 17.14.36212.18 d17.14
MinimumVisualStudioVersion = 10.0.40219.1
Project("{FAE04EC0-301F-11D3-BF4B-00C04F79EFBC}") = "AppMovile", "AppMovile\AppMovile.csproj", "{7BA8F2E7-1178-4CC4-B598-1AC0A9F55532}"
EndProject
Global
	GlobalSection(SolutionConfigurationPlatforms) = preSolution
		Debug|Any CPU = Debug|Any CPU
		Release|Any CPU = Release|Any CPU
	EndGlobalSection
	GlobalSection(ProjectConfigurationPlatforms) = postSolution
		{7BA8F2E7-1178-4CC4-B598-1AC0A9F55532}.Debug|Any CPU.ActiveCfg = Debug|Any CPU
		{7BA8F2E7-1178-4CC4-B598-1AC0A9F55532}.Debug|Any CPU.Build.0 = Debug|Any CPU
		{7BA8F2E7-1178-4CC4-B598-1AC0A9F55532}.Release|Any CPU.ActiveCfg = Release|Any CPU
		{7BA8F2E7-1178-4CC4-B598-1AC0A9F55532}.Release|Any CPU.Build.0 = Release|Any CPU
	EndGlobalSection
	GlobalSection(SolutionProperties) = preSolution
		HideSolutionNode = FALSE
	EndGlobalSection
	GlobalSection(ExtensibilityGlobals) = postSolution
		SolutionGuid = {92595BE7-7BAF-4417-8026-16A934CCDA29}
	EndGlobalSection
EndGlobal
